PODS:
  - Capacitor (8.5.1):
    - CapacitorCordova
  - CapacitorApp (8.1.1):
    - Capacitor
  - CapacitorCommunityKeepAwake (8.0.1):
    - Capacitor
  - CapacitorCordova (8.5.1)
  - CapacitorSplashScreen (8.0.2):
    - Capacitor
  - CapacitorStatusBar (8.0.3):
    - Capacitor

DEPENDENCIES:
  - "Capacitor (from `../../node_modules/@capacitor/ios`)"
  - "CapacitorApp (from `../../node_modules/@capacitor/app`)"
  - "CapacitorCommunityKeepAwake (from `../../node_modules/@capacitor-community/keep-awake`)"
  - "CapacitorCordova (from `../../node_modules/@capacitor/ios`)"
  - "CapacitorSplashScreen (from `../../node_modules/@capacitor/splash-screen`)"
  - "CapacitorStatusBar (from `../../node_modules/@capacitor/status-bar`)"

EXTERNAL SOURCES:
  Capacitor:
    :path: "../../node_modules/@capacitor/ios"
  CapacitorApp:
    :path: "../../node_modules/@capacitor/app"
  CapacitorCommunityKeepAwake:
    :path: "../../node_modules/@capacitor-community/keep-awake"
  CapacitorCordova:
    :path: "../../node_modules/@capacitor/ios"
  CapacitorSplashScreen:
    :path: "../../node_modules/@capacitor/splash-screen"
  CapacitorStatusBar:
    :path: "../../node_modules/@capacitor/status-bar"

SPEC CHECKSUMS:
  Capacitor: ac6332b79abe6414178559299cd3cfa1bb90c3c6
  CapacitorApp: 9fd99482b6536ddf1a54721ce678145fc7fa3418
  CapacitorCommunityKeepAwake: 4eaeafc83573f2520fac18e136254ef34694f75b
  CapacitorCordova: eb79411a3a0ed517eeb4c6dcf5933ce4bcbb5c9e
  CapacitorSplashScreen: 120117d1b2264bba31a6e6f998f51e510144dd12
  CapacitorStatusBar: 40bdc21352ecc617ec71c45ea06d669cdd2da8df

PODFILE CHECKSUM: 9d85914b58a5f9b9b600f854efaac1a29976019e

COCOAPODS: 1.17.0
